<?xml version="1.0" encoding="utf-8"?>
<Project ToolsVersion="4.0" xmlns="http://schemas.microsoft.com/developer/msbuild/2003">
  <ItemGroup>
    <Filter Include="2. Sources">
      <UniqueIdentifier>{4FC737F1-C7A5-4376-A066-2A32D752A2FF}</UniqueIdentifier>
      <Extensions>cpp;c;cc;cxx;def;odl;idl;hpj;bat;asm;asmx</Extensions>
    </Filter>
    <Filter Include="3. Precompiled Header">
      <UniqueIdentifier>{67DA6AB6-F800-4c08-8B7A-83BB121AAD01}</UniqueIdentifier>
      <Extensions>rc;ico;cur;bmp;dlg;rc2;rct;bin;rgs;gif;jpg;jpeg;jpe;resx;tiff;tif;png;wav;mfcribbon-ms</Extensions>
    </Filter>
    <Filter Include="1. Public Packages">
      <UniqueIdentifier>{93995380-89BD-4b04-88EB-625FBE52EBFB}</UniqueIdentifier>
      <Extensions>h;hpp;hxx;hm;inl;inc;xsd</Extensions>
    </Filter>
    <Filter Include="1. Public Packages\Core">
      <UniqueIdentifier>{a2842cf8-0199-4431-b60f-c438db8fad49}</UniqueIdentifier>
    </Filter>
    <Filter Include="1. Public Packages\Setup">
      <UniqueIdentifier>{af9796c4-177a-43ce-ae06-a3a8dd809f2f}</UniqueIdentifier>
    </Filter>
  </ItemGroup>
  <ItemGroup>
    <ClInclude Include="..\include\Toffee\Core\Application.h">
      <Filter>1. Public Packages\Core</Filter>
    </ClInclude>
    <ClInclude Include="..\src\ToffeePch.h">
      <Filter>3. Precompiled Header</Filter>
    </ClInclude>
    <ClInclude Include="..\include\Toffee\Core\Scene.h">
      <Filter>1. Public Packages\Core</Filter>
    </ClInclude>
    <ClInclude Include="..\include\Toffee\Core\ApplicationSettings.h">
      <Filter>1. Public Packages\Core</Filter>
    </ClInclude>
    <ClInclude Include="..\include\Toffee\Setup\ToffeeDefs.h">
      <Filter>1. Public Packages\Setup</Filter>
    </ClInclude>
  </ItemGroup>
  <ItemGroup>
    <ClCompile Include="..\src\Core.cpp">
      <Filter>2. Sources</Filter>
    </ClCompile>
    <ClCompile Include="..\src\ToffeePch.cpp">
      <Filter>3. Precompiled Header</Filter>
    </ClCompile>
    <ClCompile Include="..\src.win32\CoreWin32.cpp">
      <Filter>2. Sources</Filter>
    </ClCompile>
  </ItemGroup>
</Project>